
Microsoft Visual Studio Solution File, Format Version 12.00
# Visual Studio 15
VisualStudioVersion = 15.0.28307.168
MinimumVisualStudioVersion = 10.0.40219.1
Project("{8BC9CEB8-8B4A-11D0-8D11-00A0C91BC942}") = "MassSpring3D", "MassSpring3D.vcxproj", "{595E2147-495A-4B98-A48D-2F58249E589B}"
EndProject
Global
	GlobalSection(SolutionConfigurationPlatforms) = preSolution
		Debug|x86 = Debug|x86
		Release|x86 = Release|x86
	EndGlobalSection
	GlobalSection(ProjectConfigurationPlatforms) = postSolution
		{595E2147-495A-4B98-A48D-2F58249E589B}.Debug|x64.ActiveCfg = Debug|x64
		{595E2147-495A-4B98-A48D-2F58249E589B}.Debug|x64.Build.0 = Debug|x64
		{595E2147-495A-4B98-A48D-2F58249E589B}.Debug|x86.ActiveCfg = Debug|Win32
		{595E2147-495A-4B98-A48D-2F58249E589B}.Debug|x86.Build.0 = Debug|Win32
		{595E2147-495A-4B98-A48D-2F58249E589B}.Release|x64.ActiveCfg = Release|x64
		{595E2147-495A-4B98-A48D-2F58249E589B}.Release|x64.Build.0 = Release|x64
		{595E2147-495A-4B98-A48D-2F58249E589B}.Release|x86.ActiveCfg = Release|Win32
		{595E2147-495A-4B98-A48D-2F58249E589B}.Release|x86.Build.0 = Release|Win32
	EndGlobalSection
	GlobalSection(SolutionProperties) = preSolution
		HideSolutionNode = FALSE
	EndGlobalSection
	GlobalSection(ExtensibilityGlobals) = postSolution
		SolutionGuid = {A393C324-2528-4959-B918-436F089F58DF}
	EndGlobalSection
EndGlobal
